// !$*UTF8*$!
{
	archiveVersion = 1;
	classes = {
	};
	objectVersion = 50;
	objects = {

/* Begin PBXBuildFile section */
		021E923521AD614100B89F1B /* LSC.swift in Sources */ = {isa = PBXBuildFile; fileRef = 021E923421AD614100B89F1B /* LSC.swift */; };
		023442F221A6947B0043204D /* AppDelegate.swift in Sources */ = {isa = PBXBuildFile; fileRef = 023442F121A6947B0043204D /* AppDelegate.swift */; };
		023442F921A6947E0043204D /* Assets.xcassets in Resources */ = {isa = PBXBuildFile; fileRef = 023442F821A6947E0043204D /* Assets.xcassets */; };
		023442FC21A6947E0043204D /* LaunchScreen.storyboard in Resources */ = {isa = PBXBuildFile; fileRef = 023442FA21A6947E0043204D /* LaunchScreen.storyboard */; };
		0234430921A694AF0043204D /* Main.storyboard in Resources */ = {isa = PBXBuildFile; fileRef = 0234430321A694AF0043204D /* Main.storyboard */; };
		0234430A21A694AF0043204D /* ViewController.swift in Sources */ = {isa = PBXBuildFile; fileRef = 0234430421A694AF0043204D /* ViewController.swift */; };
		0234430B21A694AF0043204D /* Transition.swift in Sources */ = {isa = PBXBuildFile; fileRef = 0234430521A694AF0043204D /* Transition.swift */; };
		0234430C21A694AF0043204D /* TransAnimatorBack.swift in Sources */ = {isa = PBXBuildFile; fileRef = 0234430621A694AF0043204D /* TransAnimatorBack.swift */; };
		0234430D21A694AF0043204D /* ScanTableViewController.swift in Sources */ = {isa = PBXBuildFile; fileRef = 0234430721A694AF0043204D /* ScanTableViewController.swift */; };
		0234430E21A694AF0043204D /* TransitionAnimator.swift in Sources */ = {isa = PBXBuildFile; fileRef = 0234430821A694AF0043204D /* TransitionAnimator.swift */; };
/* End PBXBuildFile section */

/* Begin PBXFileReference section */
		021E923421AD614100B89F1B /* LSC.swift */ = {isa = PBXFileReference; lastKnownFileType = sourcecode.swift; path = LSC.swift; sourceTree = "<group>"; };
		023442EE21A6947B0043204D /* ControlLSC-6.app */ = {isa = PBXFileReference; explicitFileType = wrapper.application; includeInIndex = 0; path = "ControlLSC-6.app"; sourceTree = BUILT_PRODUCTS_DIR; };
		023442F121A6947B0043204D /* AppDelegate.swift */ = {isa = PBXFileReference; lastKnownFileType = sourcecode.swift; path = AppDelegate.swift; sourceTree = "<group>"; };
		023442F821A6947E0043204D /* Assets.xcassets */ = {isa = PBXFileReference; lastKnownFileType = folder.assetcatalog; path = Assets.xcassets; sourceTree = "<group>"; };
		023442FB21A6947E0043204D /* Base */ = {isa = PBXFileReference; lastKnownFileType = file.storyboard; name = Base; path = Base.lproj/LaunchScreen.storyboard; sourceTree = "<group>"; };
		023442FD21A6947E0043204D /* Info.plist */ = {isa = PBXFileReference; lastKnownFileType = text.plist.xml; path = Info.plist; sourceTree = "<group>"; };
		0234430321A694AF0043204D /* Main.storyboard */ = {isa = PBXFileReference; fileEncoding = 4; lastKnownFileType = file.storyboard; path = Main.storyboard; sourceTree = "<group>"; };
		0234430421A694AF0043204D /* ViewController.swift */ = {isa = PBXFileReference; fileEncoding = 4; lastKnownFileType = sourcecode.swift; path = ViewController.swift; sourceTree = "<group>"; };
		0234430521A694AF0043204D /* Transition.swift */ = {isa = PBXFileReference; fileEncoding = 4; lastKnownFileType = sourcecode.swift; path = Transition.swift; sourceTree = "<group>"; };
		0234430621A694AF0043204D /* TransAnimatorBack.swift */ = {isa = PBXFileReference; fileEncoding = 4; lastKnownFileType = sourcecode.swift; path = TransAnimatorBack.swift; sourceTree = "<group>"; };
		0234430721A694AF0043204D /* ScanTableViewController.swift */ = {isa = PBXFileReference; fileEncoding = 4; lastKnownFileType = sourcecode.swift; path = ScanTableViewController.swift; sourceTree = "<group>"; };
		0234430821A694AF0043204D /* TransitionAnimator.swift */ = {isa = PBXFileReference; fileEncoding = 4; lastKnownFileType = sourcecode.swift; path = TransitionAnimator.swift; sourceTree = "<group>"; };
/* End PBXFileReference section */

/* Begin PBXFrameworksBuildPhase section */
		023442EB21A6947B0043204D /* Frameworks */ = {
			isa = PBXFrameworksBuildPhase;
			buildActionMask = 2147483647;
			files = (
			);
			runOnlyForDeploymentPostprocessing = 0;
		};
/* End PBXFrameworksBuildPhase section */

/* Begin PBXGroup section */
		023442E521A6947B0043204D = {
			isa = PBXGroup;
			children = (
				023442F021A6947B0043204D /* ControlLSC-6 */,
				023442EF21A6947B0043204D /* Products */,
			);
			sourceTree = "<group>";
		};
		023442EF21A6947B0043204D /* Products */ = {
			isa = PBXGroup;
			children = (
				023442EE21A6947B0043204D /* ControlLSC-6.app */,
			);
			name = Products;
			sourceTree = "<group>";
		};
		023442F021A6947B0043204D /* ControlLSC-6 */ = {
			isa = PBXGroup;
			children = (
				023442F121A6947B0043204D /* AppDelegate.swift */,
				0234430321A694AF0043204D /* Main.storyboard */,
				0234430421A694AF0043204D /* ViewController.swift */,
				021E923421AD614100B89F1B /* LSC.swift */,
				0234430721A694AF0043204D /* ScanTableViewController.swift */,
				0234430621A694AF0043204D /* TransAnimatorBack.swift */,
				0234430521A694AF0043204D /* Transition.swift */,
				0234430821A694AF0043204D /* TransitionAnimator.swift */,
				023442F821A6947E0043204D /* Assets.xcassets */,
				023442FA21A6947E0043204D /* LaunchScreen.storyboard */,
				023442FD21A6947E0043204D /* Info.plist */,
			);
			path = "ControlLSC-6";
			sourceTree = "<group>";
		};
/* End PBXGroup section */

/* Begin PBXNativeTarget section */
		023442ED21A6947B0043204D /* ControlLSC-6 */ = {
			isa = PBXNativeTarget;
			buildConfigurationList = 0234430021A6947E0043204D /* Build configuration list for PBXNativeTarget "ControlLSC-6" */;
			buildPhases = (
				023442EA21A6947B0043204D /* Sources */,
				023442EB21A6947B0043204D /* Frameworks */,
				023442EC21A6947B0043204D /* Resources */,
			);
			buildRules = (
			);
			dependencies = (
			);
			name = "ControlLSC-6";
			productName = "ControlLSC-6";
			productReference = 023442EE21A6947B0043204D /* ControlLSC-6.app */;
			productType = "com.apple.product-type.application";
		};
/* End PBXNativeTarget section */

/* Begin PBXProject section */
		023442E621A6947B0043204D /* Project object */ = {
			isa = PBXProject;
			attributes = {
				LastSwiftUpdateCheck = 1010;
				LastUpgradeCheck = 1010;
				ORGANIZATIONNAME = JiaCheng;
				TargetAttributes = {
					023442ED21A6947B0043204D = {
						CreatedOnToolsVersion = 10.1;
					};
				};
			};
			buildConfigurationList = 023442E921A6947B0043204D /* Build configuration list for PBXProject "ControlLSC-6" */;
			compatibilityVersion = "Xcode 9.3";
			developmentRegion = en;
			hasScannedForEncodings = 0;
			knownRegions = (
				en,
				Base,
			);
			mainGroup = 023442E521A6947B0043204D;
			productRefGroup = 023442EF21A6947B0043204D /* Products */;
			projectDirPath = "";
			projectRoot = "";
			targets = (
				023442ED21A6947B0043204D /* ControlLSC-6 */,
			);
		};
/* End PBXProject section */

/* Begin PBXResourcesBuildPhase section */
		023442EC21A6947B0043204D /* Resources */ = {
			isa = PBXResourcesBuildPhase;
			buildActionMask = 2147483647;
			files = (
				0234430921A694AF0043204D /* Main.storyboard in Resources */,
				023442FC21A6947E0043204D /* LaunchScreen.storyboard in Resources */,
				023442F921A6947E0043204D /* Assets.xcassets in Resources */,
			);
			runOnlyForDeploymentPostprocessing = 0;
		};
/* End PBXResourcesBuildPhase section */

/* Begin PBXSourcesBuildPhase section */
		023442EA21A6947B0043204D /* Sources */ = {
			isa = PBXSourcesBuildPhase;
			buildActionMask = 2147483647;
			files = (
				0234430B21A694AF0043204D /* Transition.swift in Sources */,
				0234430A21A694AF0043204D /* ViewController.swift in Sources */,
				0234430C21A694AF0043204D /* TransAnimatorBack.swift in Sources */,
				023442F221A6947B0043204D /* AppDelegate.swift in Sources */,
				0234430D21A694AF0043204D /* ScanTableViewController.swift in Sources */,
				021E923521AD614100B89F1B /* LSC.swift in Sources */,
				0234430E21A694AF0043204D /* TransitionAnimator.swift in Sources */,
			);
			runOnlyForDeploymentPostprocessing = 0;
		};
/* End PBXSourcesBuildPhase section */

/* Begin PBXVariantGroup section */
		023442FA21A6947E0043204D /* LaunchScreen.storyboard */ = {
			isa = PBXVariantGroup;
			children = (
				023442FB21A6947E0043204D /* Base */,
			);
			name = LaunchScreen.storyboard;
			sourceTree = "<group>";
		};
/* End PBXVariantGroup section */

/* Begin XCBuildConfiguration section */
		023442FE21A6947E0043204D /* Debug */ = {
			isa = XCBuildConfiguration;
			buildSettings = {
				ALWAYS_SEARCH_USER_PATHS = NO;
				CLANG_ANALYZER_NONNULL = YES;
				CLANG_ANALYZER_NUMBER_OBJECT_CONVERSION = YES_AGGRESSIVE;
				CLANG_CXX_LANGUAGE_STANDARD = "gnu++14";
				CLANG_CXX_LIBRARY = "libc++";
				CLANG_ENABLE_MODULES = YES;
				CLANG_ENABLE_OBJC_ARC = YES;
				CLANG_ENABLE_OBJC_WEAK = YES;
				CLANG_WARN_BLOCK_CAPTURE_AUTORELEASING = YES;
				CLANG_WARN_BOOL_CONVERSION = YES;
				CLANG_WARN_COMMA = YES;
				CLANG_WARN_CONSTANT_CONVERSION = YES;
				CLANG_WARN_DEPRECATED_OBJC_IMPLEMENTATIONS = YES;
				CLANG_WARN_DIRECT_OBJC_ISA_USAGE = YES_ERROR;
				CLANG_WARN_DOCUMENTATION_COMMENTS = YES;
				CLANG_WARN_EMPTY_BODY = YES;
				CLANG_WARN_ENUM_CONVERSION = YES;
				CLANG_WARN_INFINITE_RECURSION = YES;
				CLANG_WARN_INT_CONVERSION = YES;
				CLANG_WARN_NON_LITERAL_NULL_CONVERSION = YES;
				CLANG_WARN_OBJC_IMPLICIT_RETAIN_SELF = YES;
				CLANG_WARN_OBJC_LITERAL_CONVERSION = YES;
				CLANG_WARN_OBJC_ROOT_CLASS = YES_ERROR;
				CLANG_WARN_RANGE_LOOP_ANALYSIS = YES;
				CLANG_WARN_STRICT_PROTOTYPES = YES;
				CLANG_WARN_SUSPICIOUS_MOVE = YES;
				CLANG_WARN_UNGUARDED_AVAILABILITY = YES_AGGRESSIVE;
				CLANG_WARN_UNREACHABLE_CODE = YES;
				CLANG_WARN__DUPLICATE_METHOD_MATCH = YES;
				CODE_SIGN_IDENTITY = "iPhone Developer";
				COPY_PHASE_STRIP = NO;
				DEBUG_INFORMATION_FORMAT = dwarf;
				ENABLE_STRICT_OBJC_MSGSEND = YES;
				ENABLE_TESTABILITY = YES;
				GCC_C_LANGUAGE_STANDARD = gnu11;
				GCC_DYNAMIC_NO_PIC = NO;
				GCC_NO_COMMON_BLOCKS = YES;
				GCC_OPTIMIZATION_LEVEL = 0;
				GCC_PREPROCESSOR_DEFINITIONS = (
					"DEBUG=1",
					"$(inherited)",
				);
				GCC_WARN_64_TO_32_BIT_CONVERSION = YES;
				GCC_WARN_ABOUT_RETURN_TYPE = YES_ERROR;
				GCC_WARN_UNDECLARED_SELECTOR = YES;
				GCC_WARN_UNINITIALIZED_AUTOS = YES_AGGRESSIVE;
				GCC_WARN_UNUSED_FUNCTION = YES;
				GCC_WARN_UNUSED_VARIABLE = YES;
				IPHONEOS_DEPLOYMENT_TARGET = 12.1;
				MTL_ENABLE_DEBUG_INFO = INCLUDE_SOURCE;
				MTL_FAST_MATH = YES;
				ONLY_ACTIVE_ARCH = YES;
				SDKROOT = iphoneos;
				SWIFT_ACTIVE_COMPILATION_CONDITIONS = DEBUG;
				SWIFT_OPTIMIZATION_LEVEL = "-Onone";
			};
			name = Debug;
		};
		023442FF21A6947E0043204D /* Release */ = {
			isa = XCBuildConfiguration;
			buildSettings = {
				ALWAYS_SEARCH_USER_PATHS = NO;
				CLANG_ANALYZER_NONNULL = YES;
				CLANG_ANALYZER_NUMBER_OBJECT_CONVERSION = YES_AGGRESSIVE;
				CLANG_CXX_LANGUAGE_STANDARD = "gnu++14";
				CLANG_CXX_LIBRARY = "libc++";
				CLANG_ENABLE_MODULES = YES;
				CLANG_ENABLE_OBJC_ARC = YES;
				CLANG_ENABLE_OBJC_WEAK = YES;
				CLANG_WARN_BLOCK_CAPTURE_AUTORELEASING = YES;
				CLANG_WARN_BOOL_CONVERSION = YES;
				CLANG_WARN_COMMA = YES;
				CLANG_WARN_CONSTANT_CONVERSION = YES;
				CLANG_WARN_DEPRECATED_OBJC_IMPLEMENTATIONS = YES;
				CLANG_WARN_DIRECT_OBJC_ISA_USAGE = YES_ERROR;
				CLANG_WARN_DOCUMENTATION_COMMENTS = YES;
				CLANG_WARN_EMPTY_BODY = YES;
				CLANG_WARN_ENUM_CONVERSION = YES;
				CLANG_WARN_INFINITE_RECURSION = YES;
				CLANG_WARN_INT_CONVERSION = YES;
				CLANG_WARN_NON_LITERAL_NULL_CONVERSION = YES;
				CLANG_WARN_OBJC_IMPLICIT_RETAIN_SELF = YES;
				CLANG_WARN_OBJC_LITERAL_CONVERSION = YES;
				CLANG_WARN_OBJC_ROOT_CLASS = YES_ERROR;
				CLANG_WARN_RANGE_LOOP_ANALYSIS = YES;
				CLANG_WARN_STRICT_PROTOTYPES = YES;
				CLANG_WARN_SUSPICIOUS_MOVE = YES;
				CLANG_WARN_UNGUARDED_AVAILABILITY = YES_AGGRESSIVE;
				CLANG_WARN_UNREACHABLE_CODE = YES;
				CLANG_WARN__DUPLICATE_METHOD_MATCH = YES;
				CODE_SIGN_IDENTITY = "iPhone Developer";
				COPY_PHASE_STRIP = NO;
				DEBUG_INFORMATION_FORMAT = "dwarf-with-dsym";
				ENABLE_NS_ASSERTIONS = NO;
				ENABLE_STRICT_OBJC_MSGSEND = YES;
				GCC_C_LANGUAGE_STANDARD = gnu11;
				GCC_NO_COMMON_BLOCKS = YES;
				GCC_WARN_64_TO_32_BIT_CONVERSION = YES;
				GCC_WARN_ABOUT_RETURN_TYPE = YES_ERROR;
				GCC_WARN_UNDECLARED_SELECTOR = YES;
				GCC_WARN_UNINITIALIZED_AUTOS = YES_AGGRESSIVE;
				GCC_WARN_UNUSED_FUNCTION = YES;
				GCC_WARN_UNUSED_VARIABLE = YES;
				IPHONEOS_DEPLOYMENT_TARGET = 12.1;
				MTL_ENABLE_DEBUG_INFO = NO;
				MTL_FAST_MATH = YES;
				SDKROOT = iphoneos;
				SWIFT_COMPILATION_MODE = wholemodule;
				SWIFT_OPTIMIZATION_LEVEL = "-O";
				VALIDATE_PRODUCT = YES;
			};
			name = Release;
		};
		0234430121A6947E0043204D /* Debug */ = {
			isa = XCBuildConfiguration;
			buildSettings = {
				ASSETCATALOG_COMPILER_APPICON_NAME = AppIcon;
				CODE_SIGN_STYLE = Automatic;
				DEVELOPMENT_TEAM = QXK2SWBXZ7;
				INFOPLIST_FILE = "ControlLSC-6/Info.plist";
				IPHONEOS_DEPLOYMENT_TARGET = 11.0;
				LD_RUNPATH_SEARCH_PATHS = (
					"$(inherited)",
					"@executable_path/Frameworks",
				);
				PRODUCT_BUNDLE_IDENTIFIER = "JiaCheng.ControlLSC-6";
				PRODUCT_NAME = "$(TARGET_NAME)";
				SWIFT_VERSION = 4.2;
				TARGETED_DEVICE_FAMILY = "1,2";
			};
			name = Debug;
		};
		0234430221A6947E0043204D /* Release */ = {
			isa = XCBuildConfiguration;
			buildSettings = {
				ASSETCATALOG_COMPILER_APPICON_NAME = AppIcon;
				CODE_SIGN_STYLE = Automatic;
				DEVELOPMENT_TEAM = QXK2SWBXZ7;
				INFOPLIST_FILE = "ControlLSC-6/Info.plist";
				IPHONEOS_DEPLOYMENT_TARGET = 11.0;
				LD_RUNPATH_SEARCH_PATHS = (
					"$(inherited)",
					"@executable_path/Frameworks",
				);
				PRODUCT_BUNDLE_IDENTIFIER = "JiaCheng.ControlLSC-6";
				PRODUCT_NAME = "$(TARGET_NAME)";
				SWIFT_VERSION = 4.2;
				TARGETED_DEVICE_FAMILY = "1,2";
			};
			name = Release;
		};
/* End XCBuildConfiguration section */

/* Begin XCConfigurationList section */
		023442E921A6947B0043204D /* Build configuration list for PBXProject "ControlLSC-6" */ = {
			isa = XCConfigurationList;
			buildConfigurations = (
				023442FE21A6947E0043204D /* Debug */,
				023442FF21A6947E0043204D /* Release */,
			);
			defaultConfigurationIsVisible = 0;
			defaultConfigurationName = Release;
		};
		0234430021A6947E0043204D /* Build configuration list for PBXNativeTarget "ControlLSC-6" */ = {
			isa = XCConfigurationList;
			buildConfigurations = (
				0234430121A6947E0043204D /* Debug */,
				0234430221A6947E0043204D /* Release */,
			);
			defaultConfigurationIsVisible = 0;
			defaultConfigurationName = Release;
		};
/* End XCConfigurationList section */
	};
	rootObject = 023442E621A6947B0043204D /* Project object */;
}
